
Microsoft Visual Studio Solution File, Format Version 12.00
# Visual Studio Version 17
VisualStudioVersion = 17.13.35828.75 d17.13
MinimumVisualStudioVersion = 10.0.40219.1
Project("{FAE04EC0-301F-11D3-BF4B-00C04F79EFBC}") = "KattisADifferentProblem", "KattisADifferentProblem\KattisADifferentProblem.csproj", "{67E7B105-885A-4355-8F19-630FA38995E5}"
EndProject
Global
	GlobalSection(SolutionConfigurationPlatforms) = preSolution
		Debug|Any CPU = Debug|Any CPU
		Release|Any CPU = Release|Any CPU
	EndGlobalSection
	GlobalSection(ProjectConfigurationPlatforms) = postSolution
		{67E7B105-885A-4355-8F19-630FA38995E5}.Debug|Any CPU.ActiveCfg = Debug|Any CPU
		{67E7B105-885A-4355-8F19-630FA38995E5}.Debug|Any CPU.Build.0 = Debug|Any CPU
		{67E7B105-885A-4355-8F19-630FA38995E5}.Release|Any CPU.ActiveCfg = Release|Any CPU
		{67E7B105-885A-4355-8F19-630FA38995E5}.Release|Any CPU.Build.0 = Release|Any CPU
	EndGlobalSection
	GlobalSection(SolutionProperties) = preSolution
		HideSolutionNode = FALSE
	EndGlobalSection
	GlobalSection(ExtensibilityGlobals) = postSolution
		SolutionGuid = {646229AA-340E-4A65-BAE8-0E821B045017}
	EndGlobalSection
EndGlobal
